
Microsoft Visual Studio Solution File, Format Version 12.00
# Visual Studio Version 16
VisualStudioVersion = 16.0.30413.136
MinimumVisualStudioVersion = 10.0.40219.1
Project("{FAE04EC0-301F-11D3-BF4B-00C04F79EFBC}") = "NPS", "NPS\NPS.csproj", "{7AF032CE-54AF-4563-855F-77388E503FD0}"
EndProject
Global
	GlobalSection(SolutionConfigurationPlatforms) = preSolution
		Debug|Any CPU = Debug|Any CPU
		Release|Any CPU = Release|Any CPU
	EndGlobalSection
	GlobalSection(ProjectConfigurationPlatforms) = postSolution
		{7AF032CE-54AF-4563-855F-77388E503FD0}.Debug|Any CPU.ActiveCfg = Debug|Any CPU
		{7AF032CE-54AF-4563-855F-77388E503FD0}.Debug|Any CPU.Build.0 = Debug|Any CPU
		{7AF032CE-54AF-4563-855F-77388E503FD0}.Release|Any CPU.ActiveCfg = Release|Any CPU
		{7AF032CE-54AF-4563-855F-77388E503FD0}.Release|Any CPU.Build.0 = Release|Any CPU
	EndGlobalSection
	GlobalSection(SolutionProperties) = preSolution
		HideSolutionNode = FALSE
	EndGlobalSection
	GlobalSection(ExtensibilityGlobals) = postSolution
		SolutionGuid = {41EB1BF2-E9FF-42B3-9D5E-90AEFAFEDBDC}
	EndGlobalSection
EndGlobal
